
Microsoft Visual Studio Solution File, Format Version 12.00
Project("{FAE04EC0-301F-11D3-BF4B-00C04F79EFBC}") = "ManuallyCollected", "ManuallyCollected\ManuallyCollected.csproj", "{A83FF4CF-FA4D-4690-896A-532208E35B64}"
EndProject
Project("{FAE04EC0-301F-11D3-BF4B-00C04F79EFBC}") = "Advanced.Algorithms", "advanced-algorithms\src\Advanced.Algorithms\Advanced.Algorithms.csproj", "{DB3AD381-B8CC-4402-A2AD-217DD40FE8BF}"
EndProject
Project("{FAE04EC0-301F-11D3-BF4B-00C04F79EFBC}") = "Algorithms", "C-Sharp-Algorithms\Algorithms\Algorithms.csproj", "{26307D4F-942D-43AD-ABC9-C428F5132005}"
EndProject
Project("{FAE04EC0-301F-11D3-BF4B-00C04F79EFBC}") = "DataStructures", "C-Sharp-Algorithms\DataStructures\DataStructures.csproj", "{EF397E03-3C75-415E-828F-7879E927218E}"
EndProject
Project("{FAE04EC0-301F-11D3-BF4B-00C04F79EFBC}") = "LiteDB", "LiteDB\LiteDB\LiteDB.csproj", "{AE36105D-8B03-46A0-9519-67A2FECFE34C}"
EndProject
Project("{FAE04EC0-301F-11D3-BF4B-00C04F79EFBC}") = "LiteDB.Shell", "LiteDB\LiteDB.Shell\LiteDB.Shell.csproj", "{E4E61119-9700-43A7-8227-E33F065E7EA8}"
EndProject
Project("{FAE04EC0-301F-11D3-BF4B-00C04F79EFBC}") = "Unity", "StandaloneUnity\Unity\Unity.csproj", "{D255F435-AEF0-42B5-B435-85499A520B38}"
EndProject
Project("{FAE04EC0-301F-11D3-BF4B-00C04F79EFBC}") = "Lifetimes", "rd\rd-net\Lifetimes\Lifetimes.csproj", "{5A0B1E63-0487-46D6-8737-4E4AB8BD1F5B}"
EndProject
Project("{2150E333-8FDC-42A3-9474-1A3956D46DE8}") = "LiteDB", "LiteDB", "{3F19D593-F2CC-48ED-897D-6B9762958D4A}"
EndProject
Project("{2150E333-8FDC-42A3-9474-1A3956D46DE8}") = "JetBrains.RD", "JetBrains.RD", "{E72A52C4-2CC3-42E4-AB1C-FEB76AD72D2A}"
EndProject
Project("{2150E333-8FDC-42A3-9474-1A3956D46DE8}") = "Algorithms", "Algorithms", "{3710895D-B9D4-4333-87D1-4E5825568399}"
EndProject
Project("{2150E333-8FDC-42A3-9474-1A3956D46DE8}") = "BizHawk", "BizHawk", "{904C1D5C-A55B-495E-A729-673B0AC2D85F}"
EndProject
Project("{FAE04EC0-301F-11D3-BF4B-00C04F79EFBC}") = "BizHawk.BizInvoke", "BizHawk\src\BizHawk.BizInvoke\BizHawk.BizInvoke.csproj", "{DE85AFB2-742D-4386-B20E-C64862728F69}"
EndProject
Project("{FAE04EC0-301F-11D3-BF4B-00C04F79EFBC}") = "BizHawk.Common", "BizHawk\src\BizHawk.Common\BizHawk.Common.csproj", "{F0358EBE-4768-4D40-8E96-58A4CA06280C}"
EndProject
Project("{FAE04EC0-301F-11D3-BF4B-00C04F79EFBC}") = "Virtu", "BizHawk\ExternalCoreProjects\Virtu\Virtu.csproj", "{930372E4-B302-42F4-ADFE-3D68742A309B}"
EndProject
Project("{FAE04EC0-301F-11D3-BF4B-00C04F79EFBC}") = "BizHawk.Emulation.Common", "BizHawk\src\BizHawk.Emulation.Common\BizHawk.Emulation.Common.csproj", "{92857297-96DC-4F06-9653-A6A0BE92DBEA}"
EndProject
Project("{FAE04EC0-301F-11D3-BF4B-00C04F79EFBC}") = "BizHawk.Emulation.Cores", "BizHawk\src\BizHawk.Emulation.Cores\BizHawk.Emulation.Cores.csproj", "{F0AAEEDD-4FBC-4325-8E0F-CF2390E2E05A}"
EndProject
Project("{FAE04EC0-301F-11D3-BF4B-00C04F79EFBC}") = "BizHawk.Emulation.DiscSystem", "BizHawk\src\BizHawk.Emulation.DiscSystem\BizHawk.Emulation.DiscSystem.csproj", "{9CDE7767-2D1C-4AAB-81DA-E6CF9D7E6A44}"
EndProject
Project("{FAE04EC0-301F-11D3-BF4B-00C04F79EFBC}") = "RdFramework.Reflection", "rd\rd-net\RdFramework.Reflection\RdFramework.Reflection.csproj", "{5AFBD197-E040-47ED-82F8-7718B1DF756A}"
EndProject
Project("{FAE04EC0-301F-11D3-BF4B-00C04F79EFBC}") = "RdFramework", "rd\rd-net\RdFramework\RdFramework.csproj", "{9B62D1BF-F90F-4D4A-8380-22556A41C2FD}"
EndProject
Global
	GlobalSection(SolutionConfigurationPlatforms) = preSolution
		Debug|Any CPU = Debug|Any CPU
		Release|Any CPU = Release|Any CPU
	EndGlobalSection
	GlobalSection(ProjectConfigurationPlatforms) = postSolution
		{A83FF4CF-FA4D-4690-896A-532208E35B64}.Debug|Any CPU.ActiveCfg = Debug|Any CPU
		{A83FF4CF-FA4D-4690-896A-532208E35B64}.Debug|Any CPU.Build.0 = Debug|Any CPU
		{A83FF4CF-FA4D-4690-896A-532208E35B64}.Release|Any CPU.ActiveCfg = Release|Any CPU
		{A83FF4CF-FA4D-4690-896A-532208E35B64}.Release|Any CPU.Build.0 = Release|Any CPU
		{DB3AD381-B8CC-4402-A2AD-217DD40FE8BF}.Debug|Any CPU.ActiveCfg = Debug|Any CPU
		{DB3AD381-B8CC-4402-A2AD-217DD40FE8BF}.Debug|Any CPU.Build.0 = Debug|Any CPU
		{DB3AD381-B8CC-4402-A2AD-217DD40FE8BF}.Release|Any CPU.ActiveCfg = Release|Any CPU
		{DB3AD381-B8CC-4402-A2AD-217DD40FE8BF}.Release|Any CPU.Build.0 = Release|Any CPU
		{26307D4F-942D-43AD-ABC9-C428F5132005}.Debug|Any CPU.ActiveCfg = Debug|Any CPU
		{26307D4F-942D-43AD-ABC9-C428F5132005}.Debug|Any CPU.Build.0 = Debug|Any CPU
		{26307D4F-942D-43AD-ABC9-C428F5132005}.Release|Any CPU.ActiveCfg = Release|Any CPU
		{26307D4F-942D-43AD-ABC9-C428F5132005}.Release|Any CPU.Build.0 = Release|Any CPU
		{EF397E03-3C75-415E-828F-7879E927218E}.Debug|Any CPU.ActiveCfg = Debug|Any CPU
		{EF397E03-3C75-415E-828F-7879E927218E}.Debug|Any CPU.Build.0 = Debug|Any CPU
		{EF397E03-3C75-415E-828F-7879E927218E}.Release|Any CPU.ActiveCfg = Release|Any CPU
		{EF397E03-3C75-415E-828F-7879E927218E}.Release|Any CPU.Build.0 = Release|Any CPU
		{AE36105D-8B03-46A0-9519-67A2FECFE34C}.Debug|Any CPU.ActiveCfg = Debug|Any CPU
		{AE36105D-8B03-46A0-9519-67A2FECFE34C}.Debug|Any CPU.Build.0 = Debug|Any CPU
		{AE36105D-8B03-46A0-9519-67A2FECFE34C}.Release|Any CPU.ActiveCfg = Release|Any CPU
		{AE36105D-8B03-46A0-9519-67A2FECFE34C}.Release|Any CPU.Build.0 = Release|Any CPU
		{E4E61119-9700-43A7-8227-E33F065E7EA8}.Debug|Any CPU.ActiveCfg = Debug|Any CPU
		{E4E61119-9700-43A7-8227-E33F065E7EA8}.Debug|Any CPU.Build.0 = Debug|Any CPU
		{E4E61119-9700-43A7-8227-E33F065E7EA8}.Release|Any CPU.ActiveCfg = Release|Any CPU
		{E4E61119-9700-43A7-8227-E33F065E7EA8}.Release|Any CPU.Build.0 = Release|Any CPU
		{D255F435-AEF0-42B5-B435-85499A520B38}.Debug|Any CPU.ActiveCfg = Debug|Any CPU
		{D255F435-AEF0-42B5-B435-85499A520B38}.Debug|Any CPU.Build.0 = Debug|Any CPU
		{D255F435-AEF0-42B5-B435-85499A520B38}.Release|Any CPU.ActiveCfg = Release|Any CPU
		{D255F435-AEF0-42B5-B435-85499A520B38}.Release|Any CPU.Build.0 = Release|Any CPU
		{5A0B1E63-0487-46D6-8737-4E4AB8BD1F5B}.Debug|Any CPU.ActiveCfg = Debug|Any CPU
		{5A0B1E63-0487-46D6-8737-4E4AB8BD1F5B}.Debug|Any CPU.Build.0 = Debug|Any CPU
		{5A0B1E63-0487-46D6-8737-4E4AB8BD1F5B}.Release|Any CPU.ActiveCfg = Release|Any CPU
		{5A0B1E63-0487-46D6-8737-4E4AB8BD1F5B}.Release|Any CPU.Build.0 = Release|Any CPU
		{DE85AFB2-742D-4386-B20E-C64862728F69}.Debug|Any CPU.ActiveCfg = Debug|Any CPU
		{DE85AFB2-742D-4386-B20E-C64862728F69}.Debug|Any CPU.Build.0 = Debug|Any CPU
		{DE85AFB2-742D-4386-B20E-C64862728F69}.Release|Any CPU.ActiveCfg = Release|Any CPU
		{DE85AFB2-742D-4386-B20E-C64862728F69}.Release|Any CPU.Build.0 = Release|Any CPU
		{F0358EBE-4768-4D40-8E96-58A4CA06280C}.Debug|Any CPU.ActiveCfg = Debug|Any CPU
		{F0358EBE-4768-4D40-8E96-58A4CA06280C}.Debug|Any CPU.Build.0 = Debug|Any CPU
		{F0358EBE-4768-4D40-8E96-58A4CA06280C}.Release|Any CPU.ActiveCfg = Release|Any CPU
		{F0358EBE-4768-4D40-8E96-58A4CA06280C}.Release|Any CPU.Build.0 = Release|Any CPU
		{930372E4-B302-42F4-ADFE-3D68742A309B}.Debug|Any CPU.ActiveCfg = Debug|Any CPU
		{930372E4-B302-42F4-ADFE-3D68742A309B}.Debug|Any CPU.Build.0 = Debug|Any CPU
		{930372E4-B302-42F4-ADFE-3D68742A309B}.Release|Any CPU.ActiveCfg = Release|Any CPU
		{930372E4-B302-42F4-ADFE-3D68742A309B}.Release|Any CPU.Build.0 = Release|Any CPU
		{92857297-96DC-4F06-9653-A6A0BE92DBEA}.Debug|Any CPU.ActiveCfg = Debug|Any CPU
		{92857297-96DC-4F06-9653-A6A0BE92DBEA}.Debug|Any CPU.Build.0 = Debug|Any CPU
		{92857297-96DC-4F06-9653-A6A0BE92DBEA}.Release|Any CPU.ActiveCfg = Release|Any CPU
		{92857297-96DC-4F06-9653-A6A0BE92DBEA}.Release|Any CPU.Build.0 = Release|Any CPU
		{F0AAEEDD-4FBC-4325-8E0F-CF2390E2E05A}.Debug|Any CPU.ActiveCfg = Debug|Any CPU
		{F0AAEEDD-4FBC-4325-8E0F-CF2390E2E05A}.Debug|Any CPU.Build.0 = Debug|Any CPU
		{F0AAEEDD-4FBC-4325-8E0F-CF2390E2E05A}.Release|Any CPU.ActiveCfg = Release|Any CPU
		{F0AAEEDD-4FBC-4325-8E0F-CF2390E2E05A}.Release|Any CPU.Build.0 = Release|Any CPU
		{9CDE7767-2D1C-4AAB-81DA-E6CF9D7E6A44}.Debug|Any CPU.ActiveCfg = Debug|Any CPU
		{9CDE7767-2D1C-4AAB-81DA-E6CF9D7E6A44}.Debug|Any CPU.Build.0 = Debug|Any CPU
		{9CDE7767-2D1C-4AAB-81DA-E6CF9D7E6A44}.Release|Any CPU.ActiveCfg = Release|Any CPU
		{9CDE7767-2D1C-4AAB-81DA-E6CF9D7E6A44}.Release|Any CPU.Build.0 = Release|Any CPU
		{5AFBD197-E040-47ED-82F8-7718B1DF756A}.Debug|Any CPU.ActiveCfg = Debug|Any CPU
		{5AFBD197-E040-47ED-82F8-7718B1DF756A}.Debug|Any CPU.Build.0 = Debug|Any CPU
		{5AFBD197-E040-47ED-82F8-7718B1DF756A}.Release|Any CPU.ActiveCfg = Release|Any CPU
		{5AFBD197-E040-47ED-82F8-7718B1DF756A}.Release|Any CPU.Build.0 = Release|Any CPU
		{9B62D1BF-F90F-4D4A-8380-22556A41C2FD}.Debug|Any CPU.ActiveCfg = Debug|Any CPU
		{9B62D1BF-F90F-4D4A-8380-22556A41C2FD}.Debug|Any CPU.Build.0 = Debug|Any CPU
		{9B62D1BF-F90F-4D4A-8380-22556A41C2FD}.Release|Any CPU.ActiveCfg = Release|Any CPU
		{9B62D1BF-F90F-4D4A-8380-22556A41C2FD}.Release|Any CPU.Build.0 = Release|Any CPU
	EndGlobalSection
	GlobalSection(NestedProjects) = preSolution
		{AE36105D-8B03-46A0-9519-67A2FECFE34C} = {3F19D593-F2CC-48ED-897D-6B9762958D4A}
		{E4E61119-9700-43A7-8227-E33F065E7EA8} = {3F19D593-F2CC-48ED-897D-6B9762958D4A}
		{5A0B1E63-0487-46D6-8737-4E4AB8BD1F5B} = {E72A52C4-2CC3-42E4-AB1C-FEB76AD72D2A}
		{26307D4F-942D-43AD-ABC9-C428F5132005} = {3710895D-B9D4-4333-87D1-4E5825568399}
		{EF397E03-3C75-415E-828F-7879E927218E} = {3710895D-B9D4-4333-87D1-4E5825568399}
		{DE85AFB2-742D-4386-B20E-C64862728F69} = {904C1D5C-A55B-495E-A729-673B0AC2D85F}
		{F0358EBE-4768-4D40-8E96-58A4CA06280C} = {904C1D5C-A55B-495E-A729-673B0AC2D85F}
		{930372E4-B302-42F4-ADFE-3D68742A309B} = {904C1D5C-A55B-495E-A729-673B0AC2D85F}
		{92857297-96DC-4F06-9653-A6A0BE92DBEA} = {904C1D5C-A55B-495E-A729-673B0AC2D85F}
		{F0AAEEDD-4FBC-4325-8E0F-CF2390E2E05A} = {904C1D5C-A55B-495E-A729-673B0AC2D85F}
		{9CDE7767-2D1C-4AAB-81DA-E6CF9D7E6A44} = {904C1D5C-A55B-495E-A729-673B0AC2D85F}
		{5AFBD197-E040-47ED-82F8-7718B1DF756A} = {E72A52C4-2CC3-42E4-AB1C-FEB76AD72D2A}
		{9B62D1BF-F90F-4D4A-8380-22556A41C2FD} = {E72A52C4-2CC3-42E4-AB1C-FEB76AD72D2A}
	EndGlobalSection
EndGlobal
